{
  "name": "CyberGI",
  "lockfileVersion": 2,
  "requires": true,
  "packages": {
    "": {
      "dependencies": {
        "howler": "^2.2.4",
        "ng2-search-filter": "^0.5.1"
      },
      "devDependencies": {
        "@types/howler": "^2.2.11"
      }
    },
    "node_modules/@types/howler": {
      "version": "2.2.11",
      "resolved": "https://registry.npmjs.org/@types/howler/-/howler-2.2.11.tgz",
      "integrity": "sha512-7aBoUL6RbSIrqKnpEgfa1wSNUBK06mn08siP2QI0zYk7MXfEJAaORc4tohamQYqCqVESoDyRWSdQn2BOKWj2Qw==",
      "dev": true
    },
    "node_modules/howler": {
      "version": "2.2.4",
      "resolved": "https://registry.npmjs.org/howler/-/howler-2.2.4.tgz",
      "integrity": "sha512-iARIBPgcQrwtEr+tALF+rapJ8qSc+Set2GJQl7xT1MQzWaVkFebdJhR3alVlSiUf5U7nAANKuj3aWpwerocD5w=="
    },
    "node_modules/ng2-search-filter": {
      "version": "0.5.1",
      "resolved": "https://registry.npmjs.org/ng2-search-filter/-/ng2-search-filter-0.5.1.tgz",
      "integrity": "sha512-noN8R+Gyxo5ZuboEOvq+u0zKio6pEf1IVYQTCZfAfXm6ONmzWu/M2xK0di9oVUprDbPBQXCGUuvD5i2GD+35HA=="
    }
  },
  "dependencies": {
    "@types/howler": {
      "version": "2.2.11",
      "resolved": "https://registry.npmjs.org/@types/howler/-/howler-2.2.11.tgz",
      "integrity": "sha512-7aBoUL6RbSIrqKnpEgfa1wSNUBK06mn08siP2QI0zYk7MXfEJAaORc4tohamQYqCqVESoDyRWSdQn2BOKWj2Qw==",
      "dev": true
    },
    "howler": {
      "version": "2.2.4",
      "resolved": "https://registry.npmjs.org/howler/-/howler-2.2.4.tgz",
      "integrity": "sha512-iARIBPgcQrwtEr+tALF+rapJ8qSc+Set2GJQl7xT1MQzWaVkFebdJhR3alVlSiUf5U7nAANKuj3aWpwerocD5w=="
    },
    "ng2-search-filter": {
      "version": "0.5.1",
      "resolved": "https://registry.npmjs.org/ng2-search-filter/-/ng2-search-filter-0.5.1.tgz",
      "integrity": "sha512-noN8R+Gyxo5ZuboEOvq+u0zKio6pEf1IVYQTCZfAfXm6ONmzWu/M2xK0di9oVUprDbPBQXCGUuvD5i2GD+35HA=="
    }
  }
}
